
Microsoft Visual Studio Solution File, Format Version 12.00
# Visual Studio Version 17
VisualStudioVersion = 17.0.31912.275
MinimumVisualStudioVersion = 10.0.40219.1
Project("{9A19103F-16F7-4668-BE54-9A1E7A4F7556}") = "SimpleFunctionWithUnitTest", "SimpleFunctionWithUnitTest\SimpleFunctionWithUnitTest.csproj", "{ACD5D9AB-8DD3-4153-A290-C6B843CC4AA9}"
EndProject
Project("{FAE04EC0-301F-11D3-BF4B-00C04F79EFBC}") = "AnimalTest", "AnimalTest\AnimalTest.csproj", "{4679952D-B52C-4190-800B-A3A3F6030549}"
EndProject
Global
	GlobalSection(SolutionConfigurationPlatforms) = preSolution
		Debug|Any CPU = Debug|Any CPU
		Release|Any CPU = Release|Any CPU
	EndGlobalSection
	GlobalSection(ProjectConfigurationPlatforms) = postSolution
		{ACD5D9AB-8DD3-4153-A290-C6B843CC4AA9}.Debug|Any CPU.ActiveCfg = Debug|Any CPU
		{ACD5D9AB-8DD3-4153-A290-C6B843CC4AA9}.Debug|Any CPU.Build.0 = Debug|Any CPU
		{ACD5D9AB-8DD3-4153-A290-C6B843CC4AA9}.Release|Any CPU.ActiveCfg = Release|Any CPU
		{ACD5D9AB-8DD3-4153-A290-C6B843CC4AA9}.Release|Any CPU.Build.0 = Release|Any CPU
		{4679952D-B52C-4190-800B-A3A3F6030549}.Debug|Any CPU.ActiveCfg = Debug|Any CPU
		{4679952D-B52C-4190-800B-A3A3F6030549}.Debug|Any CPU.Build.0 = Debug|Any CPU
		{4679952D-B52C-4190-800B-A3A3F6030549}.Release|Any CPU.ActiveCfg = Release|Any CPU
		{4679952D-B52C-4190-800B-A3A3F6030549}.Release|Any CPU.Build.0 = Release|Any CPU
	EndGlobalSection
	GlobalSection(SolutionProperties) = preSolution
		HideSolutionNode = FALSE
	EndGlobalSection
	GlobalSection(ExtensibilityGlobals) = postSolution
		SolutionGuid = {CEC7AE03-E775-4E9B-B300-286B09DBD8C0}
	EndGlobalSection
EndGlobal
